
Microsoft Visual Studio Solution File, Format Version 12.00
# Visual Studio Version 17
VisualStudioVersion = 17.4.33205.214
MinimumVisualStudioVersion = 10.0.40219.1
Project("{FAE04EC0-301F-11D3-BF4B-00C04F79EFBC}") = "AwesomeBankingApp", "AwesomeBankingApp.csproj", "{ECC553BD-3ED0-4F66-BD21-B4C830222622}"
EndProject
Project("{FAE04EC0-301F-11D3-BF4B-00C04F79EFBC}") = "AwesomeBankingApp.Tests", "..\AwesomeBankingApp.Tests\AwesomeBankingApp.Tests.csproj", "{39540E11-ACCE-4E80-9FC0-362FAEA0797B}"
EndProject
Global
	GlobalSection(SolutionConfigurationPlatforms) = preSolution
		Debug|Any CPU = Debug|Any CPU
		Release|Any CPU = Release|Any CPU
	EndGlobalSection
	GlobalSection(ProjectConfigurationPlatforms) = postSolution
		{ECC553BD-3ED0-4F66-BD21-B4C830222622}.Debug|Any CPU.ActiveCfg = Debug|Any CPU
		{ECC553BD-3ED0-4F66-BD21-B4C830222622}.Debug|Any CPU.Build.0 = Debug|Any CPU
		{ECC553BD-3ED0-4F66-BD21-B4C830222622}.Release|Any CPU.ActiveCfg = Release|Any CPU
		{ECC553BD-3ED0-4F66-BD21-B4C830222622}.Release|Any CPU.Build.0 = Release|Any CPU
		{39540E11-ACCE-4E80-9FC0-362FAEA0797B}.Debug|Any CPU.ActiveCfg = Debug|Any CPU
		{39540E11-ACCE-4E80-9FC0-362FAEA0797B}.Debug|Any CPU.Build.0 = Debug|Any CPU
		{39540E11-ACCE-4E80-9FC0-362FAEA0797B}.Release|Any CPU.ActiveCfg = Release|Any CPU
		{39540E11-ACCE-4E80-9FC0-362FAEA0797B}.Release|Any CPU.Build.0 = Release|Any CPU
	EndGlobalSection
	GlobalSection(SolutionProperties) = preSolution
		HideSolutionNode = FALSE
	EndGlobalSection
	GlobalSection(ExtensibilityGlobals) = postSolution
		SolutionGuid = {8AE52503-8BC8-4BB3-A909-6AA4DEA00887}
	EndGlobalSection
EndGlobal
